
Microsoft Visual Studio Solution File, Format Version 12.00
# Visual Studio Version 17
VisualStudioVersion = 17.14.36429.23
MinimumVisualStudioVersion = 10.0.40219.1
Project("{FAE04EC0-301F-11D3-BF4B-00C04F79EFBC}") = "GeometryViewer2", "GeometryViewer2\GeometryViewer2.csproj", "{489663EB-16BF-4EB4-810E-F9F9047EC462}"
EndProject
Project("{2150E333-8FDC-42A3-9474-1A3956D46DE8}") = "Solution Items", "Solution Items", "{8EC462FD-D22E-90A8-E5CE-7E832BA40C5D}"
	ProjectSection(SolutionItems) = preProject
		BackLog.txt = BackLog.txt
	EndProjectSection
EndProject
Project("{FAE04EC0-301F-11D3-BF4B-00C04F79EFBC}") = "GeometryViewer1", "GeometryViewer1\GeometryViewer1.csproj", "{ED7E549A-8E4D-4C83-811D-65D37C2931FD}"
EndProject
Project("{FAE04EC0-301F-11D3-BF4B-00C04F79EFBC}") = "GeometryViewer3", "GeometryViewer3\GeometryViewer3.csproj", "{3119F485-3922-42E0-8AC0-BAEBF1421A7C}"
EndProject
Global
	GlobalSection(SolutionConfigurationPlatforms) = preSolution
		Debug|Any CPU = Debug|Any CPU
		Release|Any CPU = Release|Any CPU
	EndGlobalSection
	GlobalSection(ProjectConfigurationPlatforms) = postSolution
		{489663EB-16BF-4EB4-810E-F9F9047EC462}.Debug|Any CPU.ActiveCfg = Debug|Any CPU
		{489663EB-16BF-4EB4-810E-F9F9047EC462}.Debug|Any CPU.Build.0 = Debug|Any CPU
		{489663EB-16BF-4EB4-810E-F9F9047EC462}.Release|Any CPU.ActiveCfg = Release|Any CPU
		{489663EB-16BF-4EB4-810E-F9F9047EC462}.Release|Any CPU.Build.0 = Release|Any CPU
		{ED7E549A-8E4D-4C83-811D-65D37C2931FD}.Debug|Any CPU.ActiveCfg = Debug|Any CPU
		{ED7E549A-8E4D-4C83-811D-65D37C2931FD}.Debug|Any CPU.Build.0 = Debug|Any CPU
		{ED7E549A-8E4D-4C83-811D-65D37C2931FD}.Release|Any CPU.ActiveCfg = Release|Any CPU
		{ED7E549A-8E4D-4C83-811D-65D37C2931FD}.Release|Any CPU.Build.0 = Release|Any CPU
		{3119F485-3922-42E0-8AC0-BAEBF1421A7C}.Debug|Any CPU.ActiveCfg = Debug|Any CPU
		{3119F485-3922-42E0-8AC0-BAEBF1421A7C}.Debug|Any CPU.Build.0 = Debug|Any CPU
		{3119F485-3922-42E0-8AC0-BAEBF1421A7C}.Release|Any CPU.ActiveCfg = Release|Any CPU
		{3119F485-3922-42E0-8AC0-BAEBF1421A7C}.Release|Any CPU.Build.0 = Release|Any CPU
	EndGlobalSection
	GlobalSection(SolutionProperties) = preSolution
		HideSolutionNode = FALSE
	EndGlobalSection
	GlobalSection(ExtensibilityGlobals) = postSolution
		SolutionGuid = {EA392C0C-F234-47AB-815D-48C903E21389}
	EndGlobalSection
EndGlobal
